PODS:
  - FMDB/SQLCipher (2.6.2):
    - SQLCipher
  - FMDB/standard (2.6.2)
  - FMDBMigrationManager (1.4.1):
    - FMDBMigrationManager/System (= 1.4.1)
  - FMDBMigrationManager/System (1.4.1):
    - FMDB/standard (>= 2.3)
  - MITDB (0.1.0):
    - FMDB/SQLCipher
    - FMDBMigrationManager
    - YYModel
  - SQLCipher (3.1.0):
    - SQLCipher/standard (= 3.1.0)
  - SQLCipher/common (3.1.0)
  - SQLCipher/standard (3.1.0):
    - SQLCipher/common
  - YYModel (1.0.4)

DEPENDENCIES:
  - MITDB (from `../`)

EXTERNAL SOURCES:
  MITDB:
    :path: "../"

SPEC CHECKSUMS:
  FMDB: 854a0341b4726e53276f2a8996f06f1b80f9259a
  FMDBMigrationManager: d52007f328ea0665e8985ca8a33500707aef084f
  MITDB: 7bf5abe7b1d4730814cf7f42d1e57d759e940655
  SQLCipher: 4684434d5791db86512cd7e02172aefba575849e
  YYModel: 2a7fdd96aaa4b86a824e26d0c517de8928c04b30

PODFILE CHECKSUM: 96438d898511879199389a5191dd7220a8a6d01d

COCOAPODS: 1.2.0
